
Microsoft Visual Studio Solution File, Format Version 12.00
# Visual Studio Version 17
VisualStudioVersion = 17.5.002.0
MinimumVisualStudioVersion = 10.0.40219.1
Project("{9A19103F-16F7-4668-BE54-9A1E7A4F7556}") = "TodoListAPI", "TodoListAPI.csproj", "{8759E39E-D78D-4404-B20D-A3F116C1380A}"
EndProject
Global
	GlobalSection(SolutionConfigurationPlatforms) = preSolution
		Debug|Any CPU = Debug|Any CPU
		Release|Any CPU = Release|Any CPU
	EndGlobalSection
	GlobalSection(ProjectConfigurationPlatforms) = postSolution
		{8759E39E-D78D-4404-B20D-A3F116C1380A}.Debug|Any CPU.ActiveCfg = Debug|Any CPU
		{8759E39E-D78D-4404-B20D-A3F116C1380A}.Debug|Any CPU.Build.0 = Debug|Any CPU
		{8759E39E-D78D-4404-B20D-A3F116C1380A}.Release|Any CPU.ActiveCfg = Release|Any CPU
		{8759E39E-D78D-4404-B20D-A3F116C1380A}.Release|Any CPU.Build.0 = Release|Any CPU
	EndGlobalSection
	GlobalSection(SolutionProperties) = preSolution
		HideSolutionNode = FALSE
	EndGlobalSection
	GlobalSection(ExtensibilityGlobals) = postSolution
		SolutionGuid = {8527074B-19F1-42D1-8CDB-22A734E3A4FB}
	EndGlobalSection
EndGlobal
